
Microsoft Visual Studio Solution File, Format Version 12.00
# Visual Studio Version 17
VisualStudioVersion = 17.3.32804.467
MinimumVisualStudioVersion = 10.0.40219.1
Project("{2150E333-8FDC-42A3-9474-1A3956D46DE8}") = "SDK", "SDK", "{8CDD4942-2E48-4CF7-AC99-85718F238455}"
EndProject
Project("{2150E333-8FDC-42A3-9474-1A3956D46DE8}") = "AppCenter", "AppCenter", "{13744327-9529-490B-A970-06A1D3144117}"
EndProject
Project("{2150E333-8FDC-42A3-9474-1A3956D46DE8}") = "AppCenterAnalytics", "AppCenterAnalytics", "{C4C63221-60D5-412B-92CC-D59A8EA62E23}"
EndProject
Project("{2150E333-8FDC-42A3-9474-1A3956D46DE8}") = "AppCenterCrashes", "AppCenterCrashes", "{7FAAA086-4453-4B62-AD9A-2E2ED216E3C4}"
EndProject
Project("{FAE04EC0-301F-11D3-BF4B-00C04F79EFBC}") = "Microsoft.AppCenter.Standard", "SDK\AppCenter\Microsoft.AppCenter.Standard\Microsoft.AppCenter.Standard.csproj", "{13215E70-2761-4AC2-AD5D-DD0BA57051A4}"
EndProject
Project("{FAE04EC0-301F-11D3-BF4B-00C04F79EFBC}") = "Microsoft.AppCenter.Analytics.Standard", "SDK\AppCenterAnalytics\Microsoft.AppCenter.Analytics.Standard\Microsoft.AppCenter.Analytics.Standard.csproj", "{23EB4FDF-17A8-46A3-BA26-EABFE021F3EA}"
EndProject
Project("{FAE04EC0-301F-11D3-BF4B-00C04F79EFBC}") = "Microsoft.AppCenter.Crashes.Standard", "SDK\AppCenterCrashes\Microsoft.AppCenter.Crashes.Standard\Microsoft.AppCenter.Crashes.Standard.csproj", "{D474DD22-A7EB-4D50-8C0E-038FB0241756}"
EndProject
Project("{FAE04EC0-301F-11D3-BF4B-00C04F79EFBC}") = "Microsoft.AppCenter.Standard.Avalonia", "SDK\AppCenter\Microsoft.AppCenter.Standard.Avalonia\Microsoft.AppCenter.Standard.Avalonia.csproj", "{446878EF-F535-4F04-91E1-E2A3EC938298}"
EndProject
Project("{2150E333-8FDC-42A3-9474-1A3956D46DE8}") = "Apps", "Apps", "{00081A84-7DAF-40AA-B6F3-85EC285EB1AC}"
EndProject
Project("{FAE04EC0-301F-11D3-BF4B-00C04F79EFBC}") = "Contoso.Avalonia.Demo", "Apps\Contoso.Avalonia.Demo\Contoso.Avalonia.Demo.csproj", "{8AA705F5-2537-4825-8493-FAB6F5BCC9A6}"
EndProject
Project("{FAE04EC0-301F-11D3-BF4B-00C04F79EFBC}") = "Contoso.Avalonia.Puppet", "Apps\Contoso.Avalonia.Puppet\Contoso.Avalonia.Puppet.csproj", "{394FE087-9531-48D1-906F-8682F8D30102}"
EndProject
Global
	GlobalSection(SolutionConfigurationPlatforms) = preSolution
		Ad-Hoc|Any CPU = Ad-Hoc|Any CPU
		Ad-Hoc|ARM = Ad-Hoc|ARM
		Ad-Hoc|iPhone = Ad-Hoc|iPhone
		Ad-Hoc|iPhoneSimulator = Ad-Hoc|iPhoneSimulator
		Ad-Hoc|x64 = Ad-Hoc|x64
		Ad-Hoc|x86 = Ad-Hoc|x86
		AppStore|Any CPU = AppStore|Any CPU
		AppStore|ARM = AppStore|ARM
		AppStore|iPhone = AppStore|iPhone
		AppStore|iPhoneSimulator = AppStore|iPhoneSimulator
		AppStore|x64 = AppStore|x64
		AppStore|x86 = AppStore|x86
		Debug|Any CPU = Debug|Any CPU
		Debug|ARM = Debug|ARM
		Debug|iPhone = Debug|iPhone
		Debug|iPhoneSimulator = Debug|iPhoneSimulator
		Debug|x64 = Debug|x64
		Debug|x86 = Debug|x86
		Release|Any CPU = Release|Any CPU
		Release|ARM = Release|ARM
		Release|iPhone = Release|iPhone
		Release|iPhoneSimulator = Release|iPhoneSimulator
		Release|x64 = Release|x64
		Release|x86 = Release|x86
	EndGlobalSection
	GlobalSection(ProjectConfigurationPlatforms) = postSolution
		{13215E70-2761-4AC2-AD5D-DD0BA57051A4}.Ad-Hoc|Any CPU.ActiveCfg = Debug|Any CPU
		{13215E70-2761-4AC2-AD5D-DD0BA57051A4}.Ad-Hoc|Any CPU.Build.0 = Debug|Any CPU
		{13215E70-2761-4AC2-AD5D-DD0BA57051A4}.Ad-Hoc|ARM.ActiveCfg = Debug|Any CPU
		{13215E70-2761-4AC2-AD5D-DD0BA57051A4}.Ad-Hoc|ARM.Build.0 = Debug|Any CPU
		{13215E70-2761-4AC2-AD5D-DD0BA57051A4}.Ad-Hoc|iPhone.ActiveCfg = Debug|Any CPU
		{13215E70-2761-4AC2-AD5D-DD0BA57051A4}.Ad-Hoc|iPhone.Build.0 = Debug|Any CPU
		{13215E70-2761-4AC2-AD5D-DD0BA57051A4}.Ad-Hoc|iPhoneSimulator.ActiveCfg = Debug|Any CPU
		{13215E70-2761-4AC2-AD5D-DD0BA57051A4}.Ad-Hoc|iPhoneSimulator.Build.0 = Debug|Any CPU
		{13215E70-2761-4AC2-AD5D-DD0BA57051A4}.Ad-Hoc|x64.ActiveCfg = Debug|Any CPU
		{13215E70-2761-4AC2-AD5D-DD0BA57051A4}.Ad-Hoc|x64.Build.0 = Debug|Any CPU
		{13215E70-2761-4AC2-AD5D-DD0BA57051A4}.Ad-Hoc|x86.ActiveCfg = Debug|Any CPU
		{13215E70-2761-4AC2-AD5D-DD0BA57051A4}.Ad-Hoc|x86.Build.0 = Debug|Any CPU
		{13215E70-2761-4AC2-AD5D-DD0BA57051A4}.AppStore|Any CPU.ActiveCfg = Debug|Any CPU
		{13215E70-2761-4AC2-AD5D-DD0BA57051A4}.AppStore|Any CPU.Build.0 = Debug|Any CPU
		{13215E70-2761-4AC2-AD5D-DD0BA57051A4}.AppStore|ARM.ActiveCfg = Debug|Any CPU
		{13215E70-2761-4AC2-AD5D-DD0BA57051A4}.AppStore|ARM.Build.0 = Debug|Any CPU
		{13215E70-2761-4AC2-AD5D-DD0BA57051A4}.AppStore|iPhone.ActiveCfg = Debug|Any CPU
		{13215E70-2761-4AC2-AD5D-DD0BA57051A4}.AppStore|iPhone.Build.0 = Debug|Any CPU
		{13215E70-2761-4AC2-AD5D-DD0BA57051A4}.AppStore|iPhoneSimulator.ActiveCfg = Debug|Any CPU
		{13215E70-2761-4AC2-AD5D-DD0BA57051A4}.AppStore|iPhoneSimulator.Build.0 = Debug|Any CPU
		{13215E70-2761-4AC2-AD5D-DD0BA57051A4}.AppStore|x64.ActiveCfg = Debug|Any CPU
		{13215E70-2761-4AC2-AD5D-DD0BA57051A4}.AppStore|x64.Build.0 = Debug|Any CPU
		{13215E70-2761-4AC2-AD5D-DD0BA57051A4}.AppStore|x86.ActiveCfg = Debug|Any CPU
		{13215E70-2761-4AC2-AD5D-DD0BA57051A4}.AppStore|x86.Build.0 = Debug|Any CPU
		{13215E70-2761-4AC2-AD5D-DD0BA57051A4}.Debug|Any CPU.ActiveCfg = Debug|Any CPU
		{13215E70-2761-4AC2-AD5D-DD0BA57051A4}.Debug|Any CPU.Build.0 = Debug|Any CPU
		{13215E70-2761-4AC2-AD5D-DD0BA57051A4}.Debug|ARM.ActiveCfg = Debug|Any CPU
		{13215E70-2761-4AC2-AD5D-DD0BA57051A4}.Debug|ARM.Build.0 = Debug|Any CPU
		{13215E70-2761-4AC2-AD5D-DD0BA57051A4}.Debug|iPhone.ActiveCfg = Debug|Any CPU
		{13215E70-2761-4AC2-AD5D-DD0BA57051A4}.Debug|iPhone.Build.0 = Debug|Any CPU
		{13215E70-2761-4AC2-AD5D-DD0BA57051A4}.Debug|iPhoneSimulator.ActiveCfg = Debug|Any CPU
		{13215E70-2761-4AC2-AD5D-DD0BA57051A4}.Debug|iPhoneSimulator.Build.0 = Debug|Any CPU
		{13215E70-2761-4AC2-AD5D-DD0BA57051A4}.Debug|x64.ActiveCfg = Debug|Any CPU
		{13215E70-2761-4AC2-AD5D-DD0BA57051A4}.Debug|x64.Build.0 = Debug|Any CPU
		{13215E70-2761-4AC2-AD5D-DD0BA57051A4}.Debug|x86.ActiveCfg = Debug|Any CPU
		{13215E70-2761-4AC2-AD5D-DD0BA57051A4}.Debug|x86.Build.0 = Debug|Any CPU
		{13215E70-2761-4AC2-AD5D-DD0BA57051A4}.Release|Any CPU.ActiveCfg = Release|Any CPU
		{13215E70-2761-4AC2-AD5D-DD0BA57051A4}.Release|Any CPU.Build.0 = Release|Any CPU
		{13215E70-2761-4AC2-AD5D-DD0BA57051A4}.Release|ARM.ActiveCfg = Release|Any CPU
		{13215E70-2761-4AC2-AD5D-DD0BA57051A4}.Release|ARM.Build.0 = Release|Any CPU
		{13215E70-2761-4AC2-AD5D-DD0BA57051A4}.Release|iPhone.ActiveCfg = Release|Any CPU
		{13215E70-2761-4AC2-AD5D-DD0BA57051A4}.Release|iPhone.Build.0 = Release|Any CPU
		{13215E70-2761-4AC2-AD5D-DD0BA57051A4}.Release|iPhoneSimulator.ActiveCfg = Release|Any CPU
		{13215E70-2761-4AC2-AD5D-DD0BA57051A4}.Release|iPhoneSimulator.Build.0 = Release|Any CPU
		{13215E70-2761-4AC2-AD5D-DD0BA57051A4}.Release|x64.ActiveCfg = Release|Any CPU
		{13215E70-2761-4AC2-AD5D-DD0BA57051A4}.Release|x64.Build.0 = Release|Any CPU
		{13215E70-2761-4AC2-AD5D-DD0BA57051A4}.Release|x86.ActiveCfg = Release|Any CPU
		{13215E70-2761-4AC2-AD5D-DD0BA57051A4}.Release|x86.Build.0 = Release|Any CPU
		{23EB4FDF-17A8-46A3-BA26-EABFE021F3EA}.Ad-Hoc|Any CPU.ActiveCfg = Debug|Any CPU
		{23EB4FDF-17A8-46A3-BA26-EABFE021F3EA}.Ad-Hoc|Any CPU.Build.0 = Debug|Any CPU
		{23EB4FDF-17A8-46A3-BA26-EABFE021F3EA}.Ad-Hoc|ARM.ActiveCfg = Debug|Any CPU
		{23EB4FDF-17A8-46A3-BA26-EABFE021F3EA}.Ad-Hoc|ARM.Build.0 = Debug|Any CPU
		{23EB4FDF-17A8-46A3-BA26-EABFE021F3EA}.Ad-Hoc|iPhone.ActiveCfg = Debug|Any CPU
		{23EB4FDF-17A8-46A3-BA26-EABFE021F3EA}.Ad-Hoc|iPhone.Build.0 = Debug|Any CPU
		{23EB4FDF-17A8-46A3-BA26-EABFE021F3EA}.Ad-Hoc|iPhoneSimulator.ActiveCfg = Debug|Any CPU
		{23EB4FDF-17A8-46A3-BA26-EABFE021F3EA}.Ad-Hoc|iPhoneSimulator.Build.0 = Debug|Any CPU
		{23EB4FDF-17A8-46A3-BA26-EABFE021F3EA}.Ad-Hoc|x64.ActiveCfg = Debug|Any CPU
		{23EB4FDF-17A8-46A3-BA26-EABFE021F3EA}.Ad-Hoc|x64.Build.0 = Debug|Any CPU
		{23EB4FDF-17A8-46A3-BA26-EABFE021F3EA}.Ad-Hoc|x86.ActiveCfg = Debug|Any CPU
		{23EB4FDF-17A8-46A3-BA26-EABFE021F3EA}.Ad-Hoc|x86.Build.0 = Debug|Any CPU
		{23EB4FDF-17A8-46A3-BA26-EABFE021F3EA}.AppStore|Any CPU.ActiveCfg = Debug|Any CPU
		{23EB4FDF-17A8-46A3-BA26-EABFE021F3EA}.AppStore|Any CPU.Build.0 = Debug|Any CPU
		{23EB4FDF-17A8-46A3-BA26-EABFE021F3EA}.AppStore|ARM.ActiveCfg = Debug|Any CPU
		{23EB4FDF-17A8-46A3-BA26-EABFE021F3EA}.AppStore|ARM.Build.0 = Debug|Any CPU
		{23EB4FDF-17A8-46A3-BA26-EABFE021F3EA}.AppStore|iPhone.ActiveCfg = Debug|Any CPU
		{23EB4FDF-17A8-46A3-BA26-EABFE021F3EA}.AppStore|iPhone.Build.0 = Debug|Any CPU
		{23EB4FDF-17A8-46A3-BA26-EABFE021F3EA}.AppStore|iPhoneSimulator.ActiveCfg = Debug|Any CPU
		{23EB4FDF-17A8-46A3-BA26-EABFE021F3EA}.AppStore|iPhoneSimulator.Build.0 = Debug|Any CPU
		{23EB4FDF-17A8-46A3-BA26-EABFE021F3EA}.AppStore|x64.ActiveCfg = Debug|Any CPU
		{23EB4FDF-17A8-46A3-BA26-EABFE021F3EA}.AppStore|x64.Build.0 = Debug|Any CPU
		{23EB4FDF-17A8-46A3-BA26-EABFE021F3EA}.AppStore|x86.ActiveCfg = Debug|Any CPU
		{23EB4FDF-17A8-46A3-BA26-EABFE021F3EA}.AppStore|x86.Build.0 = Debug|Any CPU
		{23EB4FDF-17A8-46A3-BA26-EABFE021F3EA}.Debug|Any CPU.ActiveCfg = Debug|Any CPU
		{23EB4FDF-17A8-46A3-BA26-EABFE021F3EA}.Debug|Any CPU.Build.0 = Debug|Any CPU
		{23EB4FDF-17A8-46A3-BA26-EABFE021F3EA}.Debug|ARM.ActiveCfg = Debug|Any CPU
		{23EB4FDF-17A8-46A3-BA26-EABFE021F3EA}.Debug|ARM.Build.0 = Debug|Any CPU
		{23EB4FDF-17A8-46A3-BA26-EABFE021F3EA}.Debug|iPhone.ActiveCfg = Debug|Any CPU
		{23EB4FDF-17A8-46A3-BA26-EABFE021F3EA}.Debug|iPhone.Build.0 = Debug|Any CPU
		{23EB4FDF-17A8-46A3-BA26-EABFE021F3EA}.Debug|iPhoneSimulator.ActiveCfg = Debug|Any CPU
		{23EB4FDF-17A8-46A3-BA26-EABFE021F3EA}.Debug|iPhoneSimulator.Build.0 = Debug|Any CPU
		{23EB4FDF-17A8-46A3-BA26-EABFE021F3EA}.Debug|x64.ActiveCfg = Debug|Any CPU
		{23EB4FDF-17A8-46A3-BA26-EABFE021F3EA}.Debug|x64.Build.0 = Debug|Any CPU
		{23EB4FDF-17A8-46A3-BA26-EABFE021F3EA}.Debug|x86.ActiveCfg = Debug|Any CPU
		{23EB4FDF-17A8-46A3-BA26-EABFE021F3EA}.Debug|x86.Build.0 = Debug|Any CPU
		{23EB4FDF-17A8-46A3-BA26-EABFE021F3EA}.Release|Any CPU.ActiveCfg = Release|Any CPU
		{23EB4FDF-17A8-46A3-BA26-EABFE021F3EA}.Release|Any CPU.Build.0 = Release|Any CPU
		{23EB4FDF-17A8-46A3-BA26-EABFE021F3EA}.Release|ARM.ActiveCfg = Release|Any CPU
		{23EB4FDF-17A8-46A3-BA26-EABFE021F3EA}.Release|ARM.Build.0 = Release|Any CPU
		{23EB4FDF-17A8-46A3-BA26-EABFE021F3EA}.Release|iPhone.ActiveCfg = Release|Any CPU
		{23EB4FDF-17A8-46A3-BA26-EABFE021F3EA}.Release|iPhone.Build.0 = Release|Any CPU
		{23EB4FDF-17A8-46A3-BA26-EABFE021F3EA}.Release|iPhoneSimulator.ActiveCfg = Release|Any CPU
		{23EB4FDF-17A8-46A3-BA26-EABFE021F3EA}.Release|iPhoneSimulator.Build.0 = Release|Any CPU
		{23EB4FDF-17A8-46A3-BA26-EABFE021F3EA}.Release|x64.ActiveCfg = Release|Any CPU
		{23EB4FDF-17A8-46A3-BA26-EABFE021F3EA}.Release|x64.Build.0 = Release|Any CPU
		{23EB4FDF-17A8-46A3-BA26-EABFE021F3EA}.Release|x86.ActiveCfg = Release|Any CPU
		{23EB4FDF-17A8-46A3-BA26-EABFE021F3EA}.Release|x86.Build.0 = Release|Any CPU
		{D474DD22-A7EB-4D50-8C0E-038FB0241756}.Ad-Hoc|Any CPU.ActiveCfg = Debug|Any CPU
		{D474DD22-A7EB-4D50-8C0E-038FB0241756}.Ad-Hoc|Any CPU.Build.0 = Debug|Any CPU
		{D474DD22-A7EB-4D50-8C0E-038FB0241756}.Ad-Hoc|ARM.ActiveCfg = Debug|Any CPU
		{D474DD22-A7EB-4D50-8C0E-038FB0241756}.Ad-Hoc|ARM.Build.0 = Debug|Any CPU
		{D474DD22-A7EB-4D50-8C0E-038FB0241756}.Ad-Hoc|iPhone.ActiveCfg = Debug|Any CPU
		{D474DD22-A7EB-4D50-8C0E-038FB0241756}.Ad-Hoc|iPhone.Build.0 = Debug|Any CPU
		{D474DD22-A7EB-4D50-8C0E-038FB0241756}.Ad-Hoc|iPhoneSimulator.ActiveCfg = Debug|Any CPU
		{D474DD22-A7EB-4D50-8C0E-038FB0241756}.Ad-Hoc|iPhoneSimulator.Build.0 = Debug|Any CPU
		{D474DD22-A7EB-4D50-8C0E-038FB0241756}.Ad-Hoc|x64.ActiveCfg = Debug|Any CPU
		{D474DD22-A7EB-4D50-8C0E-038FB0241756}.Ad-Hoc|x64.Build.0 = Debug|Any CPU
		{D474DD22-A7EB-4D50-8C0E-038FB0241756}.Ad-Hoc|x86.ActiveCfg = Debug|Any CPU
		{D474DD22-A7EB-4D50-8C0E-038FB0241756}.Ad-Hoc|x86.Build.0 = Debug|Any CPU
		{D474DD22-A7EB-4D50-8C0E-038FB0241756}.AppStore|Any CPU.ActiveCfg = Debug|Any CPU
		{D474DD22-A7EB-4D50-8C0E-038FB0241756}.AppStore|Any CPU.Build.0 = Debug|Any CPU
		{D474DD22-A7EB-4D50-8C0E-038FB0241756}.AppStore|ARM.ActiveCfg = Debug|Any CPU
		{D474DD22-A7EB-4D50-8C0E-038FB0241756}.AppStore|ARM.Build.0 = Debug|Any CPU
		{D474DD22-A7EB-4D50-8C0E-038FB0241756}.AppStore|iPhone.ActiveCfg = Debug|Any CPU
		{D474DD22-A7EB-4D50-8C0E-038FB0241756}.AppStore|iPhone.Build.0 = Debug|Any CPU
		{D474DD22-A7EB-4D50-8C0E-038FB0241756}.AppStore|iPhoneSimulator.ActiveCfg = Debug|Any CPU
		{D474DD22-A7EB-4D50-8C0E-038FB0241756}.AppStore|iPhoneSimulator.Build.0 = Debug|Any CPU
		{D474DD22-A7EB-4D50-8C0E-038FB0241756}.AppStore|x64.ActiveCfg = Debug|Any CPU
		{D474DD22-A7EB-4D50-8C0E-038FB0241756}.AppStore|x64.Build.0 = Debug|Any CPU
		{D474DD22-A7EB-4D50-8C0E-038FB0241756}.AppStore|x86.ActiveCfg = Debug|Any CPU
		{D474DD22-A7EB-4D50-8C0E-038FB0241756}.AppStore|x86.Build.0 = Debug|Any CPU
		{D474DD22-A7EB-4D50-8C0E-038FB0241756}.Debug|Any CPU.ActiveCfg = Debug|Any CPU
		{D474DD22-A7EB-4D50-8C0E-038FB0241756}.Debug|Any CPU.Build.0 = Debug|Any CPU
		{D474DD22-A7EB-4D50-8C0E-038FB0241756}.Debug|ARM.ActiveCfg = Debug|Any CPU
		{D474DD22-A7EB-4D50-8C0E-038FB0241756}.Debug|ARM.Build.0 = Debug|Any CPU
		{D474DD22-A7EB-4D50-8C0E-038FB0241756}.Debug|iPhone.ActiveCfg = Debug|Any CPU
		{D474DD22-A7EB-4D50-8C0E-038FB0241756}.Debug|iPhone.Build.0 = Debug|Any CPU
		{D474DD22-A7EB-4D50-8C0E-038FB0241756}.Debug|iPhoneSimulator.ActiveCfg = Debug|Any CPU
		{D474DD22-A7EB-4D50-8C0E-038FB0241756}.Debug|iPhoneSimulator.Build.0 = Debug|Any CPU
		{D474DD22-A7EB-4D50-8C0E-038FB0241756}.Debug|x64.ActiveCfg = Debug|Any CPU
		{D474DD22-A7EB-4D50-8C0E-038FB0241756}.Debug|x64.Build.0 = Debug|Any CPU
		{D474DD22-A7EB-4D50-8C0E-038FB0241756}.Debug|x86.ActiveCfg = Debug|Any CPU
		{D474DD22-A7EB-4D50-8C0E-038FB0241756}.Debug|x86.Build.0 = Debug|Any CPU
		{D474DD22-A7EB-4D50-8C0E-038FB0241756}.Release|Any CPU.ActiveCfg = Release|Any CPU
		{D474DD22-A7EB-4D50-8C0E-038FB0241756}.Release|Any CPU.Build.0 = Release|Any CPU
		{D474DD22-A7EB-4D50-8C0E-038FB0241756}.Release|ARM.ActiveCfg = Release|Any CPU
		{D474DD22-A7EB-4D50-8C0E-038FB0241756}.Release|ARM.Build.0 = Release|Any CPU
		{D474DD22-A7EB-4D50-8C0E-038FB0241756}.Release|iPhone.ActiveCfg = Release|Any CPU
		{D474DD22-A7EB-4D50-8C0E-038FB0241756}.Release|iPhone.Build.0 = Release|Any CPU
		{D474DD22-A7EB-4D50-8C0E-038FB0241756}.Release|iPhoneSimulator.ActiveCfg = Release|Any CPU
		{D474DD22-A7EB-4D50-8C0E-038FB0241756}.Release|iPhoneSimulator.Build.0 = Release|Any CPU
		{D474DD22-A7EB-4D50-8C0E-038FB0241756}.Release|x64.ActiveCfg = Release|Any CPU
		{D474DD22-A7EB-4D50-8C0E-038FB0241756}.Release|x64.Build.0 = Release|Any CPU
		{D474DD22-A7EB-4D50-8C0E-038FB0241756}.Release|x86.ActiveCfg = Release|Any CPU
		{D474DD22-A7EB-4D50-8C0E-038FB0241756}.Release|x86.Build.0 = Release|Any CPU
		{446878EF-F535-4F04-91E1-E2A3EC938298}.Ad-Hoc|Any CPU.ActiveCfg = Debug|Any CPU
		{446878EF-F535-4F04-91E1-E2A3EC938298}.Ad-Hoc|Any CPU.Build.0 = Debug|Any CPU
		{446878EF-F535-4F04-91E1-E2A3EC938298}.Ad-Hoc|ARM.ActiveCfg = Debug|Any CPU
		{446878EF-F535-4F04-91E1-E2A3EC938298}.Ad-Hoc|ARM.Build.0 = Debug|Any CPU
		{446878EF-F535-4F04-91E1-E2A3EC938298}.Ad-Hoc|iPhone.ActiveCfg = Debug|Any CPU
		{446878EF-F535-4F04-91E1-E2A3EC938298}.Ad-Hoc|iPhone.Build.0 = Debug|Any CPU
		{446878EF-F535-4F04-91E1-E2A3EC938298}.Ad-Hoc|iPhoneSimulator.ActiveCfg = Debug|Any CPU
		{446878EF-F535-4F04-91E1-E2A3EC938298}.Ad-Hoc|iPhoneSimulator.Build.0 = Debug|Any CPU
		{446878EF-F535-4F04-91E1-E2A3EC938298}.Ad-Hoc|x64.ActiveCfg = Debug|Any CPU
		{446878EF-F535-4F04-91E1-E2A3EC938298}.Ad-Hoc|x64.Build.0 = Debug|Any CPU
		{446878EF-F535-4F04-91E1-E2A3EC938298}.Ad-Hoc|x86.ActiveCfg = Debug|Any CPU
		{446878EF-F535-4F04-91E1-E2A3EC938298}.Ad-Hoc|x86.Build.0 = Debug|Any CPU
		{446878EF-F535-4F04-91E1-E2A3EC938298}.AppStore|Any CPU.ActiveCfg = Debug|Any CPU
		{446878EF-F535-4F04-91E1-E2A3EC938298}.AppStore|Any CPU.Build.0 = Debug|Any CPU
		{446878EF-F535-4F04-91E1-E2A3EC938298}.AppStore|ARM.ActiveCfg = Debug|Any CPU
		{446878EF-F535-4F04-91E1-E2A3EC938298}.AppStore|ARM.Build.0 = Debug|Any CPU
		{446878EF-F535-4F04-91E1-E2A3EC938298}.AppStore|iPhone.ActiveCfg = Debug|Any CPU
		{446878EF-F535-4F04-91E1-E2A3EC938298}.AppStore|iPhone.Build.0 = Debug|Any CPU
		{446878EF-F535-4F04-91E1-E2A3EC938298}.AppStore|iPhoneSimulator.ActiveCfg = Debug|Any CPU
		{446878EF-F535-4F04-91E1-E2A3EC938298}.AppStore|iPhoneSimulator.Build.0 = Debug|Any CPU
		{446878EF-F535-4F04-91E1-E2A3EC938298}.AppStore|x64.ActiveCfg = Debug|Any CPU
		{446878EF-F535-4F04-91E1-E2A3EC938298}.AppStore|x64.Build.0 = Debug|Any CPU
		{446878EF-F535-4F04-91E1-E2A3EC938298}.AppStore|x86.ActiveCfg = Debug|Any CPU
		{446878EF-F535-4F04-91E1-E2A3EC938298}.AppStore|x86.Build.0 = Debug|Any CPU
		{446878EF-F535-4F04-91E1-E2A3EC938298}.Debug|Any CPU.ActiveCfg = Debug|Any CPU
		{446878EF-F535-4F04-91E1-E2A3EC938298}.Debug|Any CPU.Build.0 = Debug|Any CPU
		{446878EF-F535-4F04-91E1-E2A3EC938298}.Debug|ARM.ActiveCfg = Debug|Any CPU
		{446878EF-F535-4F04-91E1-E2A3EC938298}.Debug|ARM.Build.0 = Debug|Any CPU
		{446878EF-F535-4F04-91E1-E2A3EC938298}.Debug|iPhone.ActiveCfg = Debug|Any CPU
		{446878EF-F535-4F04-91E1-E2A3EC938298}.Debug|iPhone.Build.0 = Debug|Any CPU
		{446878EF-F535-4F04-91E1-E2A3EC938298}.Debug|iPhoneSimulator.ActiveCfg = Debug|Any CPU
		{446878EF-F535-4F04-91E1-E2A3EC938298}.Debug|iPhoneSimulator.Build.0 = Debug|Any CPU
		{446878EF-F535-4F04-91E1-E2A3EC938298}.Debug|x64.ActiveCfg = Debug|Any CPU
		{446878EF-F535-4F04-91E1-E2A3EC938298}.Debug|x64.Build.0 = Debug|Any CPU
		{446878EF-F535-4F04-91E1-E2A3EC938298}.Debug|x86.ActiveCfg = Debug|Any CPU
		{446878EF-F535-4F04-91E1-E2A3EC938298}.Debug|x86.Build.0 = Debug|Any CPU
		{446878EF-F535-4F04-91E1-E2A3EC938298}.Release|Any CPU.ActiveCfg = Release|Any CPU
		{446878EF-F535-4F04-91E1-E2A3EC938298}.Release|Any CPU.Build.0 = Release|Any CPU
		{446878EF-F535-4F04-91E1-E2A3EC938298}.Release|ARM.ActiveCfg = Release|Any CPU
		{446878EF-F535-4F04-91E1-E2A3EC938298}.Release|ARM.Build.0 = Release|Any CPU
		{446878EF-F535-4F04-91E1-E2A3EC938298}.Release|iPhone.ActiveCfg = Release|Any CPU
		{446878EF-F535-4F04-91E1-E2A3EC938298}.Release|iPhone.Build.0 = Release|Any CPU
		{446878EF-F535-4F04-91E1-E2A3EC938298}.Release|iPhoneSimulator.ActiveCfg = Release|Any CPU
		{446878EF-F535-4F04-91E1-E2A3EC938298}.Release|iPhoneSimulator.Build.0 = Release|Any CPU
		{446878EF-F535-4F04-91E1-E2A3EC938298}.Release|x64.ActiveCfg = Release|Any CPU
		{446878EF-F535-4F04-91E1-E2A3EC938298}.Release|x64.Build.0 = Release|Any CPU
		{446878EF-F535-4F04-91E1-E2A3EC938298}.Release|x86.ActiveCfg = Release|Any CPU
		{446878EF-F535-4F04-91E1-E2A3EC938298}.Release|x86.Build.0 = Release|Any CPU
		{8AA705F5-2537-4825-8493-FAB6F5BCC9A6}.Ad-Hoc|Any CPU.ActiveCfg = Debug|Any CPU
		{8AA705F5-2537-4825-8493-FAB6F5BCC9A6}.Ad-Hoc|Any CPU.Build.0 = Debug|Any CPU
		{8AA705F5-2537-4825-8493-FAB6F5BCC9A6}.Ad-Hoc|ARM.ActiveCfg = Debug|Any CPU
		{8AA705F5-2537-4825-8493-FAB6F5BCC9A6}.Ad-Hoc|ARM.Build.0 = Debug|Any CPU
		{8AA705F5-2537-4825-8493-FAB6F5BCC9A6}.Ad-Hoc|iPhone.ActiveCfg = Debug|Any CPU
		{8AA705F5-2537-4825-8493-FAB6F5BCC9A6}.Ad-Hoc|iPhone.Build.0 = Debug|Any CPU
		{8AA705F5-2537-4825-8493-FAB6F5BCC9A6}.Ad-Hoc|iPhoneSimulator.ActiveCfg = Debug|Any CPU
		{8AA705F5-2537-4825-8493-FAB6F5BCC9A6}.Ad-Hoc|iPhoneSimulator.Build.0 = Debug|Any CPU
		{8AA705F5-2537-4825-8493-FAB6F5BCC9A6}.Ad-Hoc|x64.ActiveCfg = Debug|Any CPU
		{8AA705F5-2537-4825-8493-FAB6F5BCC9A6}.Ad-Hoc|x64.Build.0 = Debug|Any CPU
		{8AA705F5-2537-4825-8493-FAB6F5BCC9A6}.Ad-Hoc|x86.ActiveCfg = Debug|Any CPU
		{8AA705F5-2537-4825-8493-FAB6F5BCC9A6}.Ad-Hoc|x86.Build.0 = Debug|Any CPU
		{8AA705F5-2537-4825-8493-FAB6F5BCC9A6}.AppStore|Any CPU.ActiveCfg = Debug|Any CPU
		{8AA705F5-2537-4825-8493-FAB6F5BCC9A6}.AppStore|Any CPU.Build.0 = Debug|Any CPU
		{8AA705F5-2537-4825-8493-FAB6F5BCC9A6}.AppStore|ARM.ActiveCfg = Debug|Any CPU
		{8AA705F5-2537-4825-8493-FAB6F5BCC9A6}.AppStore|ARM.Build.0 = Debug|Any CPU
		{8AA705F5-2537-4825-8493-FAB6F5BCC9A6}.AppStore|iPhone.ActiveCfg = Debug|Any CPU
		{8AA705F5-2537-4825-8493-FAB6F5BCC9A6}.AppStore|iPhone.Build.0 = Debug|Any CPU
		{8AA705F5-2537-4825-8493-FAB6F5BCC9A6}.AppStore|iPhoneSimulator.ActiveCfg = Debug|Any CPU
		{8AA705F5-2537-4825-8493-FAB6F5BCC9A6}.AppStore|iPhoneSimulator.Build.0 = Debug|Any CPU
		{8AA705F5-2537-4825-8493-FAB6F5BCC9A6}.AppStore|x64.ActiveCfg = Debug|Any CPU
		{8AA705F5-2537-4825-8493-FAB6F5BCC9A6}.AppStore|x64.Build.0 = Debug|Any CPU
		{8AA705F5-2537-4825-8493-FAB6F5BCC9A6}.AppStore|x86.ActiveCfg = Debug|Any CPU
		{8AA705F5-2537-4825-8493-FAB6F5BCC9A6}.AppStore|x86.Build.0 = Debug|Any CPU
		{8AA705F5-2537-4825-8493-FAB6F5BCC9A6}.Debug|Any CPU.ActiveCfg = Debug|Any CPU
		{8AA705F5-2537-4825-8493-FAB6F5BCC9A6}.Debug|Any CPU.Build.0 = Debug|Any CPU
		{8AA705F5-2537-4825-8493-FAB6F5BCC9A6}.Debug|ARM.ActiveCfg = Debug|Any CPU
		{8AA705F5-2537-4825-8493-FAB6F5BCC9A6}.Debug|ARM.Build.0 = Debug|Any CPU
		{8AA705F5-2537-4825-8493-FAB6F5BCC9A6}.Debug|iPhone.ActiveCfg = Debug|Any CPU
		{8AA705F5-2537-4825-8493-FAB6F5BCC9A6}.Debug|iPhone.Build.0 = Debug|Any CPU
		{8AA705F5-2537-4825-8493-FAB6F5BCC9A6}.Debug|iPhoneSimulator.ActiveCfg = Debug|Any CPU
		{8AA705F5-2537-4825-8493-FAB6F5BCC9A6}.Debug|iPhoneSimulator.Build.0 = Debug|Any CPU
		{8AA705F5-2537-4825-8493-FAB6F5BCC9A6}.Debug|x64.ActiveCfg = Debug|Any CPU
		{8AA705F5-2537-4825-8493-FAB6F5BCC9A6}.Debug|x64.Build.0 = Debug|Any CPU
		{8AA705F5-2537-4825-8493-FAB6F5BCC9A6}.Debug|x86.ActiveCfg = Debug|Any CPU
		{8AA705F5-2537-4825-8493-FAB6F5BCC9A6}.Debug|x86.Build.0 = Debug|Any CPU
		{8AA705F5-2537-4825-8493-FAB6F5BCC9A6}.Release|Any CPU.ActiveCfg = Release|Any CPU
		{8AA705F5-2537-4825-8493-FAB6F5BCC9A6}.Release|Any CPU.Build.0 = Release|Any CPU
		{8AA705F5-2537-4825-8493-FAB6F5BCC9A6}.Release|ARM.ActiveCfg = Release|Any CPU
		{8AA705F5-2537-4825-8493-FAB6F5BCC9A6}.Release|ARM.Build.0 = Release|Any CPU
		{8AA705F5-2537-4825-8493-FAB6F5BCC9A6}.Release|iPhone.ActiveCfg = Release|Any CPU
		{8AA705F5-2537-4825-8493-FAB6F5BCC9A6}.Release|iPhone.Build.0 = Release|Any CPU
		{8AA705F5-2537-4825-8493-FAB6F5BCC9A6}.Release|iPhoneSimulator.ActiveCfg = Release|Any CPU
		{8AA705F5-2537-4825-8493-FAB6F5BCC9A6}.Release|iPhoneSimulator.Build.0 = Release|Any CPU
		{8AA705F5-2537-4825-8493-FAB6F5BCC9A6}.Release|x64.ActiveCfg = Release|Any CPU
		{8AA705F5-2537-4825-8493-FAB6F5BCC9A6}.Release|x64.Build.0 = Release|Any CPU
		{8AA705F5-2537-4825-8493-FAB6F5BCC9A6}.Release|x86.ActiveCfg = Release|Any CPU
		{8AA705F5-2537-4825-8493-FAB6F5BCC9A6}.Release|x86.Build.0 = Release|Any CPU
		{394FE087-9531-48D1-906F-8682F8D30102}.Ad-Hoc|Any CPU.ActiveCfg = Debug|Any CPU
		{394FE087-9531-48D1-906F-8682F8D30102}.Ad-Hoc|Any CPU.Build.0 = Debug|Any CPU
		{394FE087-9531-48D1-906F-8682F8D30102}.Ad-Hoc|ARM.ActiveCfg = Debug|Any CPU
		{394FE087-9531-48D1-906F-8682F8D30102}.Ad-Hoc|ARM.Build.0 = Debug|Any CPU
		{394FE087-9531-48D1-906F-8682F8D30102}.Ad-Hoc|iPhone.ActiveCfg = Debug|Any CPU
		{394FE087-9531-48D1-906F-8682F8D30102}.Ad-Hoc|iPhone.Build.0 = Debug|Any CPU
		{394FE087-9531-48D1-906F-8682F8D30102}.Ad-Hoc|iPhoneSimulator.ActiveCfg = Debug|Any CPU
		{394FE087-9531-48D1-906F-8682F8D30102}.Ad-Hoc|iPhoneSimulator.Build.0 = Debug|Any CPU
		{394FE087-9531-48D1-906F-8682F8D30102}.Ad-Hoc|x64.ActiveCfg = Debug|Any CPU
		{394FE087-9531-48D1-906F-8682F8D30102}.Ad-Hoc|x64.Build.0 = Debug|Any CPU
		{394FE087-9531-48D1-906F-8682F8D30102}.Ad-Hoc|x86.ActiveCfg = Debug|Any CPU
		{394FE087-9531-48D1-906F-8682F8D30102}.Ad-Hoc|x86.Build.0 = Debug|Any CPU
		{394FE087-9531-48D1-906F-8682F8D30102}.AppStore|Any CPU.ActiveCfg = Debug|Any CPU
		{394FE087-9531-48D1-906F-8682F8D30102}.AppStore|Any CPU.Build.0 = Debug|Any CPU
		{394FE087-9531-48D1-906F-8682F8D30102}.AppStore|ARM.ActiveCfg = Debug|Any CPU
		{394FE087-9531-48D1-906F-8682F8D30102}.AppStore|ARM.Build.0 = Debug|Any CPU
		{394FE087-9531-48D1-906F-8682F8D30102}.AppStore|iPhone.ActiveCfg = Debug|Any CPU
		{394FE087-9531-48D1-906F-8682F8D30102}.AppStore|iPhone.Build.0 = Debug|Any CPU
		{394FE087-9531-48D1-906F-8682F8D30102}.AppStore|iPhoneSimulator.ActiveCfg = Debug|Any CPU
		{394FE087-9531-48D1-906F-8682F8D30102}.AppStore|iPhoneSimulator.Build.0 = Debug|Any CPU
		{394FE087-9531-48D1-906F-8682F8D30102}.AppStore|x64.ActiveCfg = Debug|Any CPU
		{394FE087-9531-48D1-906F-8682F8D30102}.AppStore|x64.Build.0 = Debug|Any CPU
		{394FE087-9531-48D1-906F-8682F8D30102}.AppStore|x86.ActiveCfg = Debug|Any CPU
		{394FE087-9531-48D1-906F-8682F8D30102}.AppStore|x86.Build.0 = Debug|Any CPU
		{394FE087-9531-48D1-906F-8682F8D30102}.Debug|Any CPU.ActiveCfg = Debug|Any CPU
		{394FE087-9531-48D1-906F-8682F8D30102}.Debug|Any CPU.Build.0 = Debug|Any CPU
		{394FE087-9531-48D1-906F-8682F8D30102}.Debug|ARM.ActiveCfg = Debug|Any CPU
		{394FE087-9531-48D1-906F-8682F8D30102}.Debug|ARM.Build.0 = Debug|Any CPU
		{394FE087-9531-48D1-906F-8682F8D30102}.Debug|iPhone.ActiveCfg = Debug|Any CPU
		{394FE087-9531-48D1-906F-8682F8D30102}.Debug|iPhone.Build.0 = Debug|Any CPU
		{394FE087-9531-48D1-906F-8682F8D30102}.Debug|iPhoneSimulator.ActiveCfg = Debug|Any CPU
		{394FE087-9531-48D1-906F-8682F8D30102}.Debug|iPhoneSimulator.Build.0 = Debug|Any CPU
		{394FE087-9531-48D1-906F-8682F8D30102}.Debug|x64.ActiveCfg = Debug|Any CPU
		{394FE087-9531-48D1-906F-8682F8D30102}.Debug|x64.Build.0 = Debug|Any CPU
		{394FE087-9531-48D1-906F-8682F8D30102}.Debug|x86.ActiveCfg = Debug|Any CPU
		{394FE087-9531-48D1-906F-8682F8D30102}.Debug|x86.Build.0 = Debug|Any CPU
		{394FE087-9531-48D1-906F-8682F8D30102}.Release|Any CPU.ActiveCfg = Release|Any CPU
		{394FE087-9531-48D1-906F-8682F8D30102}.Release|Any CPU.Build.0 = Release|Any CPU
		{394FE087-9531-48D1-906F-8682F8D30102}.Release|ARM.ActiveCfg = Release|Any CPU
		{394FE087-9531-48D1-906F-8682F8D30102}.Release|ARM.Build.0 = Release|Any CPU
		{394FE087-9531-48D1-906F-8682F8D30102}.Release|iPhone.ActiveCfg = Release|Any CPU
		{394FE087-9531-48D1-906F-8682F8D30102}.Release|iPhone.Build.0 = Release|Any CPU
		{394FE087-9531-48D1-906F-8682F8D30102}.Release|iPhoneSimulator.ActiveCfg = Release|Any CPU
		{394FE087-9531-48D1-906F-8682F8D30102}.Release|iPhoneSimulator.Build.0 = Release|Any CPU
		{394FE087-9531-48D1-906F-8682F8D30102}.Release|x64.ActiveCfg = Release|Any CPU
		{394FE087-9531-48D1-906F-8682F8D30102}.Release|x64.Build.0 = Release|Any CPU
		{394FE087-9531-48D1-906F-8682F8D30102}.Release|x86.ActiveCfg = Release|Any CPU
		{394FE087-9531-48D1-906F-8682F8D30102}.Release|x86.Build.0 = Release|Any CPU
	EndGlobalSection
	GlobalSection(SolutionProperties) = preSolution
		HideSolutionNode = FALSE
	EndGlobalSection
	GlobalSection(NestedProjects) = preSolution
		{13744327-9529-490B-A970-06A1D3144117} = {8CDD4942-2E48-4CF7-AC99-85718F238455}
		{C4C63221-60D5-412B-92CC-D59A8EA62E23} = {8CDD4942-2E48-4CF7-AC99-85718F238455}
		{7FAAA086-4453-4B62-AD9A-2E2ED216E3C4} = {8CDD4942-2E48-4CF7-AC99-85718F238455}
		{13215E70-2761-4AC2-AD5D-DD0BA57051A4} = {13744327-9529-490B-A970-06A1D3144117}
		{23EB4FDF-17A8-46A3-BA26-EABFE021F3EA} = {C4C63221-60D5-412B-92CC-D59A8EA62E23}
		{D474DD22-A7EB-4D50-8C0E-038FB0241756} = {7FAAA086-4453-4B62-AD9A-2E2ED216E3C4}
		{446878EF-F535-4F04-91E1-E2A3EC938298} = {13744327-9529-490B-A970-06A1D3144117}
		{8AA705F5-2537-4825-8493-FAB6F5BCC9A6} = {00081A84-7DAF-40AA-B6F3-85EC285EB1AC}
		{394FE087-9531-48D1-906F-8682F8D30102} = {00081A84-7DAF-40AA-B6F3-85EC285EB1AC}
	EndGlobalSection
	GlobalSection(ExtensibilityGlobals) = postSolution
		SolutionGuid = {230680B3-D7BC-4263-964C-023F34CB6001}
	EndGlobalSection
	GlobalSection(MonoDevelopProperties) = preSolution
		Policies = $0
		$0.TextStylePolicy = $1
		$1.inheritsSet = VisualStudio
		$1.scope = text/plain
		$1.FileWidth = 120
		$1.inheritsScope = text/plain
		$0.CSharpFormattingPolicy = $2
		$2.IndentSwitchSection = True
		$2.NewLinesForBracesInProperties = True
		$2.NewLinesForBracesInAccessors = True
		$2.NewLinesForBracesInAnonymousMethods = True
		$2.NewLinesForBracesInControlBlocks = True
		$2.NewLinesForBracesInAnonymousTypes = True
		$2.NewLinesForBracesInObjectCollectionArrayInitializers = True
		$2.NewLinesForBracesInLambdaExpressionBody = True
		$2.NewLineForElse = True
		$2.NewLineForCatch = True
		$2.NewLineForFinally = True
		$2.NewLineForMembersInObjectInit = True
		$2.NewLineForMembersInAnonymousTypes = True
		$2.NewLineForClausesInQuery = True
		$2.SpacingAfterMethodDeclarationName = False
		$2.SpaceAfterMethodCallName = False
		$2.SpaceBeforeOpenSquareBracket = False
		$2.inheritsSet = Mono
		$2.inheritsScope = text/x-csharp
		$2.scope = text/x-csharp
	EndGlobalSection
EndGlobal
